// !$*UTF8*$!
{
	archiveVersion = 1;
	classes = {
	};
	objectVersion = 55;
	objects = {

/* Begin PBXBuildFile section */
		311FC38A2915742B0044ACF4 /* AppDelegate.swift in Sources */ = {isa = PBXBuildFile; fileRef = 311FC3892915742B0044ACF4 /* AppDelegate.swift */; };
		311FC38C2915742B0044ACF4 /* SceneDelegate.swift in Sources */ = {isa = PBXBuildFile; fileRef = 311FC38B2915742B0044ACF4 /* SceneDelegate.swift */; };
		311FC38E2915742B0044ACF4 /* ViewController.swift in Sources */ = {isa = PBXBuildFile; fileRef = 311FC38D2915742B0044ACF4 /* ViewController.swift */; };
		311FC3912915742B0044ACF4 /* Main.storyboard in Resources */ = {isa = PBXBuildFile; fileRef = 311FC38F2915742B0044ACF4 /* Main.storyboard */; };
		311FC3932915742E0044ACF4 /* Assets.xcassets in Resources */ = {isa = PBXBuildFile; fileRef = 311FC3922915742E0044ACF4 /* Assets.xcassets */; };
		311FC3962915742E0044ACF4 /* LaunchScreen.storyboard in Resources */ = {isa = PBXBuildFile; fileRef = 311FC3942915742E0044ACF4 /* LaunchScreen.storyboard */; };
		311FC3A62915AD170044ACF4 /* OnboardingContract.swift in Sources */ = {isa = PBXBuildFile; fileRef = 311FC3A02915AD170044ACF4 /* OnboardingContract.swift */; };
		311FC3A72915AD170044ACF4 /* OnboardingPresenter.swift in Sources */ = {isa = PBXBuildFile; fileRef = 311FC3A12915AD170044ACF4 /* OnboardingPresenter.swift */; };
		311FC3A82915AD170044ACF4 /* OnboardingRouter.swift in Sources */ = {isa = PBXBuildFile; fileRef = 311FC3A22915AD170044ACF4 /* OnboardingRouter.swift */; };
		311FC3A92915AD170044ACF4 /* OnboardingViewController.swift in Sources */ = {isa = PBXBuildFile; fileRef = 311FC3A32915AD170044ACF4 /* OnboardingViewController.swift */; };
		311FC3AA2915AD170044ACF4 /* OnboardingInteractor.swift in Sources */ = {isa = PBXBuildFile; fileRef = 311FC3A42915AD170044ACF4 /* OnboardingInteractor.swift */; };
		311FC3AE2916A59C0044ACF4 /* OnboardingCollectionViewCell.swift in Sources */ = {isa = PBXBuildFile; fileRef = 311FC3AC2916A59C0044ACF4 /* OnboardingCollectionViewCell.swift */; };
		311FC3AF2916A59C0044ACF4 /* OnboardingCollectionViewCell.xib in Resources */ = {isa = PBXBuildFile; fileRef = 311FC3AD2916A59C0044ACF4 /* OnboardingCollectionViewCell.xib */; };
		311FC3B22916B2570044ACF4 /* OnboardingEntity.swift in Sources */ = {isa = PBXBuildFile; fileRef = 311FC3B12916B2570044ACF4 /* OnboardingEntity.swift */; };
/* End PBXBuildFile section */

/* Begin PBXFileReference section */
		311FC3862915742B0044ACF4 /* Shopper.app */ = {isa = PBXFileReference; explicitFileType = wrapper.application; includeInIndex = 0; path = Shopper.app; sourceTree = BUILT_PRODUCTS_DIR; };
		311FC3892915742B0044ACF4 /* AppDelegate.swift */ = {isa = PBXFileReference; lastKnownFileType = sourcecode.swift; path = AppDelegate.swift; sourceTree = "<group>"; };
		311FC38B2915742B0044ACF4 /* SceneDelegate.swift */ = {isa = PBXFileReference; lastKnownFileType = sourcecode.swift; path = SceneDelegate.swift; sourceTree = "<group>"; };
		311FC38D2915742B0044ACF4 /* ViewController.swift */ = {isa = PBXFileReference; lastKnownFileType = sourcecode.swift; path = ViewController.swift; sourceTree = "<group>"; };
		311FC3902915742B0044ACF4 /* Base */ = {isa = PBXFileReference; lastKnownFileType = file.storyboard; name = Base; path = Base.lproj/Main.storyboard; sourceTree = "<group>"; };
		311FC3922915742E0044ACF4 /* Assets.xcassets */ = {isa = PBXFileReference; lastKnownFileType = folder.assetcatalog; path = Assets.xcassets; sourceTree = "<group>"; };
		311FC3952915742E0044ACF4 /* Base */ = {isa = PBXFileReference; lastKnownFileType = file.storyboard; name = Base; path = Base.lproj/LaunchScreen.storyboard; sourceTree = "<group>"; };
		311FC3972915742E0044ACF4 /* Info.plist */ = {isa = PBXFileReference; lastKnownFileType = text.plist.xml; path = Info.plist; sourceTree = "<group>"; };
		311FC3A02915AD170044ACF4 /* OnboardingContract.swift */ = {isa = PBXFileReference; lastKnownFileType = sourcecode.swift; path = OnboardingContract.swift; sourceTree = "<group>"; };
		311FC3A12915AD170044ACF4 /* OnboardingPresenter.swift */ = {isa = PBXFileReference; lastKnownFileType = sourcecode.swift; path = OnboardingPresenter.swift; sourceTree = "<group>"; };
		311FC3A22915AD170044ACF4 /* OnboardingRouter.swift */ = {isa = PBXFileReference; lastKnownFileType = sourcecode.swift; path = OnboardingRouter.swift; sourceTree = "<group>"; };
		311FC3A32915AD170044ACF4 /* OnboardingViewController.swift */ = {isa = PBXFileReference; lastKnownFileType = sourcecode.swift; path = OnboardingViewController.swift; sourceTree = "<group>"; };
		311FC3A42915AD170044ACF4 /* OnboardingInteractor.swift */ = {isa = PBXFileReference; lastKnownFileType = sourcecode.swift; path = OnboardingInteractor.swift; sourceTree = "<group>"; };
		311FC3AC2916A59C0044ACF4 /* OnboardingCollectionViewCell.swift */ = {isa = PBXFileReference; lastKnownFileType = sourcecode.swift; path = OnboardingCollectionViewCell.swift; sourceTree = "<group>"; };
		311FC3AD2916A59C0044ACF4 /* OnboardingCollectionViewCell.xib */ = {isa = PBXFileReference; lastKnownFileType = file.xib; path = OnboardingCollectionViewCell.xib; sourceTree = "<group>"; };
		311FC3B12916B2570044ACF4 /* OnboardingEntity.swift */ = {isa = PBXFileReference; lastKnownFileType = sourcecode.swift; path = OnboardingEntity.swift; sourceTree = "<group>"; };
/* End PBXFileReference section */

/* Begin PBXFrameworksBuildPhase section */
		311FC3832915742B0044ACF4 /* Frameworks */ = {
			isa = PBXFrameworksBuildPhase;
			buildActionMask = 2147483647;
			files = (
			);
			runOnlyForDeploymentPostprocessing = 0;
		};
/* End PBXFrameworksBuildPhase section */

/* Begin PBXGroup section */
		311FC37D2915742B0044ACF4 = {
			isa = PBXGroup;
			children = (
				311FC3882915742B0044ACF4 /* Shopper */,
				311FC3872915742B0044ACF4 /* Products */,
			);
			sourceTree = "<group>";
		};
		311FC3872915742B0044ACF4 /* Products */ = {
			isa = PBXGroup;
			children = (
				311FC3862915742B0044ACF4 /* Shopper.app */,
			);
			name = Products;
			sourceTree = "<group>";
		};
		311FC3882915742B0044ACF4 /* Shopper */ = {
			isa = PBXGroup;
			children = (
				311FC39D2915A4A70044ACF4 /* Modules */,
				311FC3892915742B0044ACF4 /* AppDelegate.swift */,
				311FC38B2915742B0044ACF4 /* SceneDelegate.swift */,
				311FC38D2915742B0044ACF4 /* ViewController.swift */,
				311FC38F2915742B0044ACF4 /* Main.storyboard */,
				311FC3922915742E0044ACF4 /* Assets.xcassets */,
				311FC3942915742E0044ACF4 /* LaunchScreen.storyboard */,
				311FC3972915742E0044ACF4 /* Info.plist */,
			);
			path = Shopper;
			sourceTree = "<group>";
		};
		311FC39D2915A4A70044ACF4 /* Modules */ = {
			isa = PBXGroup;
			children = (
				311FC39E2915A4B00044ACF4 /* Onboarding */,
			);
			path = Modules;
			sourceTree = "<group>";
		};
		311FC39E2915A4B00044ACF4 /* Onboarding */ = {
			isa = PBXGroup;
			children = (
				311FC3B02916B23E0044ACF4 /* OnboardingEntity */,
				311FC3B32916B7370044ACF4 /* OnboardingCollectionViewAdapter */,
				311FC3A02915AD170044ACF4 /* OnboardingContract.swift */,
				311FC3A12915AD170044ACF4 /* OnboardingPresenter.swift */,
				311FC3A22915AD170044ACF4 /* OnboardingRouter.swift */,
				311FC3A32915AD170044ACF4 /* OnboardingViewController.swift */,
				311FC3A42915AD170044ACF4 /* OnboardingInteractor.swift */,
			);
			path = Onboarding;
			sourceTree = "<group>";
		};
		311FC3AB2916A57C0044ACF4 /* Cell */ = {
			isa = PBXGroup;
			children = (
				311FC3AC2916A59C0044ACF4 /* OnboardingCollectionViewCell.swift */,
				311FC3AD2916A59C0044ACF4 /* OnboardingCollectionViewCell.xib */,
			);
			path = Cell;
			sourceTree = "<group>";
		};
		311FC3B02916B23E0044ACF4 /* OnboardingEntity */ = {
			isa = PBXGroup;
			children = (
				311FC3B12916B2570044ACF4 /* OnboardingEntity.swift */,
			);
			path = OnboardingEntity;
			sourceTree = "<group>";
		};
		311FC3B32916B7370044ACF4 /* OnboardingCollectionViewAdapter */ = {
			isa = PBXGroup;
			children = (
				311FC3AB2916A57C0044ACF4 /* Cell */,
			);
			path = OnboardingCollectionViewAdapter;
			sourceTree = "<group>";
		};
/* End PBXGroup section */

/* Begin PBXNativeTarget section */
		311FC3852915742B0044ACF4 /* Shopper */ = {
			isa = PBXNativeTarget;
			buildConfigurationList = 311FC39A2915742E0044ACF4 /* Build configuration list for PBXNativeTarget "Shopper" */;
			buildPhases = (
				311FC3822915742B0044ACF4 /* Sources */,
				311FC3832915742B0044ACF4 /* Frameworks */,
				311FC3842915742B0044ACF4 /* Resources */,
			);
			buildRules = (
			);
			dependencies = (
			);
			name = Shopper;
			productName = Shopper;
			productReference = 311FC3862915742B0044ACF4 /* Shopper.app */;
			productType = "com.apple.product-type.application";
		};
/* End PBXNativeTarget section */

/* Begin PBXProject section */
		311FC37E2915742B0044ACF4 /* Project object */ = {
			isa = PBXProject;
			attributes = {
				BuildIndependentTargetsInParallel = 1;
				LastSwiftUpdateCheck = 1300;
				LastUpgradeCheck = 1300;
				TargetAttributes = {
					311FC3852915742B0044ACF4 = {
						CreatedOnToolsVersion = 13.0;
					};
				};
			};
			buildConfigurationList = 311FC3812915742B0044ACF4 /* Build configuration list for PBXProject "Shopper" */;
			compatibilityVersion = "Xcode 13.0";
			developmentRegion = en;
			hasScannedForEncodings = 0;
			knownRegions = (
				en,
				Base,
			);
			mainGroup = 311FC37D2915742B0044ACF4;
			productRefGroup = 311FC3872915742B0044ACF4 /* Products */;
			projectDirPath = "";
			projectRoot = "";
			targets = (
				311FC3852915742B0044ACF4 /* Shopper */,
			);
		};
/* End PBXProject section */

/* Begin PBXResourcesBuildPhase section */
		311FC3842915742B0044ACF4 /* Resources */ = {
			isa = PBXResourcesBuildPhase;
			buildActionMask = 2147483647;
			files = (
				311FC3962915742E0044ACF4 /* LaunchScreen.storyboard in Resources */,
				311FC3932915742E0044ACF4 /* Assets.xcassets in Resources */,
				311FC3912915742B0044ACF4 /* Main.storyboard in Resources */,
				311FC3AF2916A59C0044ACF4 /* OnboardingCollectionViewCell.xib in Resources */,
			);
			runOnlyForDeploymentPostprocessing = 0;
		};
/* End PBXResourcesBuildPhase section */

/* Begin PBXSourcesBuildPhase section */
		311FC3822915742B0044ACF4 /* Sources */ = {
			isa = PBXSourcesBuildPhase;
			buildActionMask = 2147483647;
			files = (
				311FC3A62915AD170044ACF4 /* OnboardingContract.swift in Sources */,
				311FC3A82915AD170044ACF4 /* OnboardingRouter.swift in Sources */,
				311FC38E2915742B0044ACF4 /* ViewController.swift in Sources */,
				311FC3B22916B2570044ACF4 /* OnboardingEntity.swift in Sources */,
				311FC3AA2915AD170044ACF4 /* OnboardingInteractor.swift in Sources */,
				311FC3A72915AD170044ACF4 /* OnboardingPresenter.swift in Sources */,
				311FC3A92915AD170044ACF4 /* OnboardingViewController.swift in Sources */,
				311FC38A2915742B0044ACF4 /* AppDelegate.swift in Sources */,
				311FC38C2915742B0044ACF4 /* SceneDelegate.swift in Sources */,
				311FC3AE2916A59C0044ACF4 /* OnboardingCollectionViewCell.swift in Sources */,
			);
			runOnlyForDeploymentPostprocessing = 0;
		};
/* End PBXSourcesBuildPhase section */

/* Begin PBXVariantGroup section */
		311FC38F2915742B0044ACF4 /* Main.storyboard */ = {
			isa = PBXVariantGroup;
			children = (
				311FC3902915742B0044ACF4 /* Base */,
			);
			name = Main.storyboard;
			sourceTree = "<group>";
		};
		311FC3942915742E0044ACF4 /* LaunchScreen.storyboard */ = {
			isa = PBXVariantGroup;
			children = (
				311FC3952915742E0044ACF4 /* Base */,
			);
			name = LaunchScreen.storyboard;
			sourceTree = "<group>";
		};
/* End PBXVariantGroup section */

/* Begin XCBuildConfiguration section */
		311FC3982915742E0044ACF4 /* Debug */ = {
			isa = XCBuildConfiguration;
			buildSettings = {
				ALWAYS_SEARCH_USER_PATHS = NO;
				CLANG_ANALYZER_NONNULL = YES;
				CLANG_ANALYZER_NUMBER_OBJECT_CONVERSION = YES_AGGRESSIVE;
				CLANG_CXX_LANGUAGE_STANDARD = "gnu++17";
				CLANG_CXX_LIBRARY = "libc++";
				CLANG_ENABLE_MODULES = YES;
				CLANG_ENABLE_OBJC_ARC = YES;
				CLANG_ENABLE_OBJC_WEAK = YES;
				CLANG_WARN_BLOCK_CAPTURE_AUTORELEASING = YES;
				CLANG_WARN_BOOL_CONVERSION = YES;
				CLANG_WARN_COMMA = YES;
				CLANG_WARN_CONSTANT_CONVERSION = YES;
				CLANG_WARN_DEPRECATED_OBJC_IMPLEMENTATIONS = YES;
				CLANG_WARN_DIRECT_OBJC_ISA_USAGE = YES_ERROR;
				CLANG_WARN_DOCUMENTATION_COMMENTS = YES;
				CLANG_WARN_EMPTY_BODY = YES;
				CLANG_WARN_ENUM_CONVERSION = YES;
				CLANG_WARN_INFINITE_RECURSION = YES;
				CLANG_WARN_INT_CONVERSION = YES;
				CLANG_WARN_NON_LITERAL_NULL_CONVERSION = YES;
				CLANG_WARN_OBJC_IMPLICIT_RETAIN_SELF = YES;
				CLANG_WARN_OBJC_LITERAL_CONVERSION = YES;
				CLANG_WARN_OBJC_ROOT_CLASS = YES_ERROR;
				CLANG_WARN_QUOTED_INCLUDE_IN_FRAMEWORK_HEADER = YES;
				CLANG_WARN_RANGE_LOOP_ANALYSIS = YES;
				CLANG_WARN_STRICT_PROTOTYPES = YES;
				CLANG_WARN_SUSPICIOUS_MOVE = YES;
				CLANG_WARN_UNGUARDED_AVAILABILITY = YES_AGGRESSIVE;
				CLANG_WARN_UNREACHABLE_CODE = YES;
				CLANG_WARN__DUPLICATE_METHOD_MATCH = YES;
				COPY_PHASE_STRIP = NO;
				DEBUG_INFORMATION_FORMAT = dwarf;
				ENABLE_STRICT_OBJC_MSGSEND = YES;
				ENABLE_TESTABILITY = YES;
				GCC_C_LANGUAGE_STANDARD = gnu11;
				GCC_DYNAMIC_NO_PIC = NO;
				GCC_NO_COMMON_BLOCKS = YES;
				GCC_OPTIMIZATION_LEVEL = 0;
				GCC_PREPROCESSOR_DEFINITIONS = (
					"DEBUG=1",
					"$(inherited)",
				);
				GCC_WARN_64_TO_32_BIT_CONVERSION = YES;
				GCC_WARN_ABOUT_RETURN_TYPE = YES_ERROR;
				GCC_WARN_UNDECLARED_SELECTOR = YES;
				GCC_WARN_UNINITIALIZED_AUTOS = YES_AGGRESSIVE;
				GCC_WARN_UNUSED_FUNCTION = YES;
				GCC_WARN_UNUSED_VARIABLE = YES;
				IPHONEOS_DEPLOYMENT_TARGET = 15.0;
				MTL_ENABLE_DEBUG_INFO = INCLUDE_SOURCE;
				MTL_FAST_MATH = YES;
				ONLY_ACTIVE_ARCH = YES;
				SDKROOT = iphoneos;
				SWIFT_ACTIVE_COMPILATION_CONDITIONS = DEBUG;
				SWIFT_OPTIMIZATION_LEVEL = "-Onone";
			};
			name = Debug;
		};
		311FC3992915742E0044ACF4 /* Release */ = {
			isa = XCBuildConfiguration;
			buildSettings = {
				ALWAYS_SEARCH_USER_PATHS = NO;
				CLANG_ANALYZER_NONNULL = YES;
				CLANG_ANALYZER_NUMBER_OBJECT_CONVERSION = YES_AGGRESSIVE;
				CLANG_CXX_LANGUAGE_STANDARD = "gnu++17";
				CLANG_CXX_LIBRARY = "libc++";
				CLANG_ENABLE_MODULES = YES;
				CLANG_ENABLE_OBJC_ARC = YES;
				CLANG_ENABLE_OBJC_WEAK = YES;
				CLANG_WARN_BLOCK_CAPTURE_AUTORELEASING = YES;
				CLANG_WARN_BOOL_CONVERSION = YES;
				CLANG_WARN_COMMA = YES;
				CLANG_WARN_CONSTANT_CONVERSION = YES;
				CLANG_WARN_DEPRECATED_OBJC_IMPLEMENTATIONS = YES;
				CLANG_WARN_DIRECT_OBJC_ISA_USAGE = YES_ERROR;
				CLANG_WARN_DOCUMENTATION_COMMENTS = YES;
				CLANG_WARN_EMPTY_BODY = YES;
				CLANG_WARN_ENUM_CONVERSION = YES;
				CLANG_WARN_INFINITE_RECURSION = YES;
				CLANG_WARN_INT_CONVERSION = YES;
				CLANG_WARN_NON_LITERAL_NULL_CONVERSION = YES;
				CLANG_WARN_OBJC_IMPLICIT_RETAIN_SELF = YES;
				CLANG_WARN_OBJC_LITERAL_CONVERSION = YES;
				CLANG_WARN_OBJC_ROOT_CLASS = YES_ERROR;
				CLANG_WARN_QUOTED_INCLUDE_IN_FRAMEWORK_HEADER = YES;
				CLANG_WARN_RANGE_LOOP_ANALYSIS = YES;
				CLANG_WARN_STRICT_PROTOTYPES = YES;
				CLANG_WARN_SUSPICIOUS_MOVE = YES;
				CLANG_WARN_UNGUARDED_AVAILABILITY = YES_AGGRESSIVE;
				CLANG_WARN_UNREACHABLE_CODE = YES;
				CLANG_WARN__DUPLICATE_METHOD_MATCH = YES;
				COPY_PHASE_STRIP = NO;
				DEBUG_INFORMATION_FORMAT = "dwarf-with-dsym";
				ENABLE_NS_ASSERTIONS = NO;
				ENABLE_STRICT_OBJC_MSGSEND = YES;
				GCC_C_LANGUAGE_STANDARD = gnu11;
				GCC_NO_COMMON_BLOCKS = YES;
				GCC_WARN_64_TO_32_BIT_CONVERSION = YES;
				GCC_WARN_ABOUT_RETURN_TYPE = YES_ERROR;
				GCC_WARN_UNDECLARED_SELECTOR = YES;
				GCC_WARN_UNINITIALIZED_AUTOS = YES_AGGRESSIVE;
				GCC_WARN_UNUSED_FUNCTION = YES;
				GCC_WARN_UNUSED_VARIABLE = YES;
				IPHONEOS_DEPLOYMENT_TARGET = 15.0;
				MTL_ENABLE_DEBUG_INFO = NO;
				MTL_FAST_MATH = YES;
				SDKROOT = iphoneos;
				SWIFT_COMPILATION_MODE = wholemodule;
				SWIFT_OPTIMIZATION_LEVEL = "-O";
				VALIDATE_PRODUCT = YES;
			};
			name = Release;
		};
		311FC39B2915742E0044ACF4 /* Debug */ = {
			isa = XCBuildConfiguration;
			buildSettings = {
				ASSETCATALOG_COMPILER_APPICON_NAME = AppIcon;
				ASSETCATALOG_COMPILER_GLOBAL_ACCENT_COLOR_NAME = AccentColor;
				CODE_SIGN_STYLE = Automatic;
				CURRENT_PROJECT_VERSION = 1;
				DEVELOPMENT_TEAM = KRCW97NRKQ;
				GENERATE_INFOPLIST_FILE = YES;
				INFOPLIST_FILE = Shopper/Info.plist;
				INFOPLIST_KEY_UIApplicationSupportsIndirectInputEvents = YES;
				INFOPLIST_KEY_UILaunchStoryboardName = LaunchScreen;
				INFOPLIST_KEY_UIMainStoryboardFile = Main;
				INFOPLIST_KEY_UISupportedInterfaceOrientations_iPad = "UIInterfaceOrientationPortrait UIInterfaceOrientationPortraitUpsideDown UIInterfaceOrientationLandscapeLeft UIInterfaceOrientationLandscapeRight";
				INFOPLIST_KEY_UISupportedInterfaceOrientations_iPhone = "UIInterfaceOrientationPortrait UIInterfaceOrientationLandscapeLeft UIInterfaceOrientationLandscapeRight";
				LD_RUNPATH_SEARCH_PATHS = (
					"$(inherited)",
					"@executable_path/Frameworks",
				);
				MARKETING_VERSION = 1.0;
				PRODUCT_BUNDLE_IDENTIFIER = com.fuldenonan.Shopper;
				PRODUCT_NAME = "$(TARGET_NAME)";
				SWIFT_EMIT_LOC_STRINGS = YES;
				SWIFT_VERSION = 5.0;
				TARGETED_DEVICE_FAMILY = "1,2";
			};
			name = Debug;
		};
		311FC39C2915742E0044ACF4 /* Release */ = {
			isa = XCBuildConfiguration;
			buildSettings = {
				ASSETCATALOG_COMPILER_APPICON_NAME = AppIcon;
				ASSETCATALOG_COMPILER_GLOBAL_ACCENT_COLOR_NAME = AccentColor;
				CODE_SIGN_STYLE = Automatic;
				CURRENT_PROJECT_VERSION = 1;
				DEVELOPMENT_TEAM = KRCW97NRKQ;
				GENERATE_INFOPLIST_FILE = YES;
				INFOPLIST_FILE = Shopper/Info.plist;
				INFOPLIST_KEY_UIApplicationSupportsIndirectInputEvents = YES;
				INFOPLIST_KEY_UILaunchStoryboardName = LaunchScreen;
				INFOPLIST_KEY_UIMainStoryboardFile = Main;
				INFOPLIST_KEY_UISupportedInterfaceOrientations_iPad = "UIInterfaceOrientationPortrait UIInterfaceOrientationPortraitUpsideDown UIInterfaceOrientationLandscapeLeft UIInterfaceOrientationLandscapeRight";
				INFOPLIST_KEY_UISupportedInterfaceOrientations_iPhone = "UIInterfaceOrientationPortrait UIInterfaceOrientationLandscapeLeft UIInterfaceOrientationLandscapeRight";
				LD_RUNPATH_SEARCH_PATHS = (
					"$(inherited)",
					"@executable_path/Frameworks",
				);
				MARKETING_VERSION = 1.0;
				PRODUCT_BUNDLE_IDENTIFIER = com.fuldenonan.Shopper;
				PRODUCT_NAME = "$(TARGET_NAME)";
				SWIFT_EMIT_LOC_STRINGS = YES;
				SWIFT_VERSION = 5.0;
				TARGETED_DEVICE_FAMILY = "1,2";
			};
			name = Release;
		};
/* End XCBuildConfiguration section */

/* Begin XCConfigurationList section */
		311FC3812915742B0044ACF4 /* Build configuration list for PBXProject "Shopper" */ = {
			isa = XCConfigurationList;
			buildConfigurations = (
				311FC3982915742E0044ACF4 /* Debug */,
				311FC3992915742E0044ACF4 /* Release */,
			);
			defaultConfigurationIsVisible = 0;
			defaultConfigurationName = Release;
		};
		311FC39A2915742E0044ACF4 /* Build configuration list for PBXNativeTarget "Shopper" */ = {
			isa = XCConfigurationList;
			buildConfigurations = (
				311FC39B2915742E0044ACF4 /* Debug */,
				311FC39C2915742E0044ACF4 /* Release */,
			);
			defaultConfigurationIsVisible = 0;
			defaultConfigurationName = Release;
		};
/* End XCConfigurationList section */
	};
	rootObject = 311FC37E2915742B0044ACF4 /* Project object */;
}
