// !$*UTF8*$!
{
	archiveVersion = 1;
	classes = {
	};
	objectVersion = 55;
	objects = {

/* Begin PBXBuildFile section */
		311FC38A2915742B0044ACF4 /* AppDelegate.swift in Sources */ = {isa = PBXBuildFile; fileRef = 311FC3892915742B0044ACF4 /* AppDelegate.swift */; };
		311FC38C2915742B0044ACF4 /* SceneDelegate.swift in Sources */ = {isa = PBXBuildFile; fileRef = 311FC38B2915742B0044ACF4 /* SceneDelegate.swift */; };
		311FC38E2915742B0044ACF4 /* ViewController.swift in Sources */ = {isa = PBXBuildFile; fileRef = 311FC38D2915742B0044ACF4 /* ViewController.swift */; };
		311FC3912915742B0044ACF4 /* Main.storyboard in Resources */ = {isa = PBXBuildFile; fileRef = 311FC38F2915742B0044ACF4 /* Main.storyboard */; };
		311FC3932915742E0044ACF4 /* Assets.xcassets in Resources */ = {isa = PBXBuildFile; fileRef = 311FC3922915742E0044ACF4 /* Assets.xcassets */; };
		311FC3962915742E0044ACF4 /* LaunchScreen.storyboard in Resources */ = {isa = PBXBuildFile; fileRef = 311FC3942915742E0044ACF4 /* LaunchScreen.storyboard */; };
		311FC3A62915AD170044ACF4 /* OnboardingContract.swift in Sources */ = {isa = PBXBuildFile; fileRef = 311FC3A02915AD170044ACF4 /* OnboardingContract.swift */; };
		311FC3A72915AD170044ACF4 /* OnboardingPresenter.swift in Sources */ = {isa = PBXBuildFile; fileRef = 311FC3A12915AD170044ACF4 /* OnboardingPresenter.swift */; };
		311FC3A82915AD170044ACF4 /* OnboardingRouter.swift in Sources */ = {isa = PBXBuildFile; fileRef = 311FC3A22915AD170044ACF4 /* OnboardingRouter.swift */; };
		311FC3A92915AD170044ACF4 /* OnboardingViewController.swift in Sources */ = {isa = PBXBuildFile; fileRef = 311FC3A32915AD170044ACF4 /* OnboardingViewController.swift */; };
		311FC3AA2915AD170044ACF4 /* OnboardingInteractor.swift in Sources */ = {isa = PBXBuildFile; fileRef = 311FC3A42915AD170044ACF4 /* OnboardingInteractor.swift */; };
		311FC3AE2916A59C0044ACF4 /* OnboardingCollectionViewCell.swift in Sources */ = {isa = PBXBuildFile; fileRef = 311FC3AC2916A59C0044ACF4 /* OnboardingCollectionViewCell.swift */; };
		311FC3AF2916A59C0044ACF4 /* OnboardingCollectionViewCell.xib in Resources */ = {isa = PBXBuildFile; fileRef = 311FC3AD2916A59C0044ACF4 /* OnboardingCollectionViewCell.xib */; };
		311FC3B22916B2570044ACF4 /* OnboardingEntity.swift in Sources */ = {isa = PBXBuildFile; fileRef = 311FC3B12916B2570044ACF4 /* OnboardingEntity.swift */; };
		316F0AD4291857690082B376 /* SignInViewController.swift in Sources */ = {isa = PBXBuildFile; fileRef = 316F0AD3291857690082B376 /* SignInViewController.swift */; };
		316F0AD6291858010082B376 /* SignInContract.swift in Sources */ = {isa = PBXBuildFile; fileRef = 316F0AD5291858010082B376 /* SignInContract.swift */; };
		316F0ADA2918582A0082B376 /* SignInRouter.swift in Sources */ = {isa = PBXBuildFile; fileRef = 316F0AD92918582A0082B376 /* SignInRouter.swift */; };
		316F0ADC2918582C0082B376 /* SignInInteractor.swift in Sources */ = {isa = PBXBuildFile; fileRef = 316F0ADB2918582C0082B376 /* SignInInteractor.swift */; };
		316F0ADE291858320082B376 /* SignInPresenter.swift in Sources */ = {isa = PBXBuildFile; fileRef = 316F0ADD291858320082B376 /* SignInPresenter.swift */; };
		316F0AE4291860CB0082B376 /* FirebaseAuth in Frameworks */ = {isa = PBXBuildFile; productRef = 316F0AE3291860CB0082B376 /* FirebaseAuth */; };
		316F0AE6291860CB0082B376 /* FirebaseDatabase in Frameworks */ = {isa = PBXBuildFile; productRef = 316F0AE5291860CB0082B376 /* FirebaseDatabase */; };
		316F0AE8291860CB0082B376 /* FirebaseFirestore in Frameworks */ = {isa = PBXBuildFile; productRef = 316F0AE7291860CB0082B376 /* FirebaseFirestore */; };
		316F0AEA291862500082B376 /* GoogleService-Info.plist in Resources */ = {isa = PBXBuildFile; fileRef = 316F0AE9291862500082B376 /* GoogleService-Info.plist */; };
		316F0AED291862FE0082B376 /* UIButton+Ext.swift in Sources */ = {isa = PBXBuildFile; fileRef = 316F0AEC291862FE0082B376 /* UIButton+Ext.swift */; };
		316F0AF0291867F90082B376 /* SignUpViewController.swift in Sources */ = {isa = PBXBuildFile; fileRef = 316F0AEF291867F90082B376 /* SignUpViewController.swift */; };
		316F0AF22918680A0082B376 /* SignUpContract.swift in Sources */ = {isa = PBXBuildFile; fileRef = 316F0AF12918680A0082B376 /* SignUpContract.swift */; };
		316F0AF4291868230082B376 /* SignUpInteractor.swift in Sources */ = {isa = PBXBuildFile; fileRef = 316F0AF3291868230082B376 /* SignUpInteractor.swift */; };
		316F0AF6291868250082B376 /* SignUpPresenter.swift in Sources */ = {isa = PBXBuildFile; fileRef = 316F0AF5291868240082B376 /* SignUpPresenter.swift */; };
		316F0AF8291868260082B376 /* SignUpRouter.swift in Sources */ = {isa = PBXBuildFile; fileRef = 316F0AF7291868260082B376 /* SignUpRouter.swift */; };
		316F0AFA291869610082B376 /* String+Ext.swift in Sources */ = {isa = PBXBuildFile; fileRef = 316F0AF9291869610082B376 /* String+Ext.swift */; };
		316F0AFD29186DAD0082B376 /* HomeViewController.swift in Sources */ = {isa = PBXBuildFile; fileRef = 316F0AFC29186DAD0082B376 /* HomeViewController.swift */; };
		316F0B0029186DC30082B376 /* HomeInteractor.swift in Sources */ = {isa = PBXBuildFile; fileRef = 316F0AFF29186DC30082B376 /* HomeInteractor.swift */; };
		316F0B0229186DCB0082B376 /* HomePresenter.swift in Sources */ = {isa = PBXBuildFile; fileRef = 316F0B0129186DCB0082B376 /* HomePresenter.swift */; };
		316F0B0429186DCD0082B376 /* HomeContract.swift in Sources */ = {isa = PBXBuildFile; fileRef = 316F0B0329186DCC0082B376 /* HomeContract.swift */; };
		316F0B0629186DCF0082B376 /* HomeRouter.swift in Sources */ = {isa = PBXBuildFile; fileRef = 316F0B0529186DCF0082B376 /* HomeRouter.swift */; };
		316F0B0929186E150082B376 /* HomeEntity.swift in Sources */ = {isa = PBXBuildFile; fileRef = 316F0B0829186E150082B376 /* HomeEntity.swift */; };
		316F0B0D29186EF10082B376 /* HomeCollectionViewCell.swift in Sources */ = {isa = PBXBuildFile; fileRef = 316F0B0B29186EF10082B376 /* HomeCollectionViewCell.swift */; };
		316F0B0E29186EF10082B376 /* HomeCollectionViewCell.xib in Resources */ = {isa = PBXBuildFile; fileRef = 316F0B0C29186EF10082B376 /* HomeCollectionViewCell.xib */; };
		316F0B11291873640082B376 /* Alamofire in Frameworks */ = {isa = PBXBuildFile; productRef = 316F0B10291873640082B376 /* Alamofire */; };
		316F0B16291879AB0082B376 /* UIView+Ext.swift in Sources */ = {isa = PBXBuildFile; fileRef = 316F0B15291879AB0082B376 /* UIView+Ext.swift */; };
		316F0B18291879D20082B376 /* UICollViewCell+Ext.swift in Sources */ = {isa = PBXBuildFile; fileRef = 316F0B17291879D20082B376 /* UICollViewCell+Ext.swift */; };
		316F0B1B29187AF20082B376 /* Kingfisher in Frameworks */ = {isa = PBXBuildFile; productRef = 316F0B1A29187AF20082B376 /* Kingfisher */; };
/* End PBXBuildFile section */

/* Begin PBXFileReference section */
		311FC3862915742B0044ACF4 /* Shopper.app */ = {isa = PBXFileReference; explicitFileType = wrapper.application; includeInIndex = 0; path = Shopper.app; sourceTree = BUILT_PRODUCTS_DIR; };
		311FC3892915742B0044ACF4 /* AppDelegate.swift */ = {isa = PBXFileReference; lastKnownFileType = sourcecode.swift; path = AppDelegate.swift; sourceTree = "<group>"; };
		311FC38B2915742B0044ACF4 /* SceneDelegate.swift */ = {isa = PBXFileReference; lastKnownFileType = sourcecode.swift; path = SceneDelegate.swift; sourceTree = "<group>"; };
		311FC38D2915742B0044ACF4 /* ViewController.swift */ = {isa = PBXFileReference; lastKnownFileType = sourcecode.swift; path = ViewController.swift; sourceTree = "<group>"; };
		311FC3902915742B0044ACF4 /* Base */ = {isa = PBXFileReference; lastKnownFileType = file.storyboard; name = Base; path = Base.lproj/Main.storyboard; sourceTree = "<group>"; };
		311FC3922915742E0044ACF4 /* Assets.xcassets */ = {isa = PBXFileReference; lastKnownFileType = folder.assetcatalog; path = Assets.xcassets; sourceTree = "<group>"; };
		311FC3952915742E0044ACF4 /* Base */ = {isa = PBXFileReference; lastKnownFileType = file.storyboard; name = Base; path = Base.lproj/LaunchScreen.storyboard; sourceTree = "<group>"; };
		311FC3972915742E0044ACF4 /* Info.plist */ = {isa = PBXFileReference; lastKnownFileType = text.plist.xml; path = Info.plist; sourceTree = "<group>"; };
		311FC3A02915AD170044ACF4 /* OnboardingContract.swift */ = {isa = PBXFileReference; lastKnownFileType = sourcecode.swift; path = OnboardingContract.swift; sourceTree = "<group>"; };
		311FC3A12915AD170044ACF4 /* OnboardingPresenter.swift */ = {isa = PBXFileReference; lastKnownFileType = sourcecode.swift; path = OnboardingPresenter.swift; sourceTree = "<group>"; };
		311FC3A22915AD170044ACF4 /* OnboardingRouter.swift */ = {isa = PBXFileReference; lastKnownFileType = sourcecode.swift; path = OnboardingRouter.swift; sourceTree = "<group>"; };
		311FC3A32915AD170044ACF4 /* OnboardingViewController.swift */ = {isa = PBXFileReference; lastKnownFileType = sourcecode.swift; path = OnboardingViewController.swift; sourceTree = "<group>"; };
		311FC3A42915AD170044ACF4 /* OnboardingInteractor.swift */ = {isa = PBXFileReference; lastKnownFileType = sourcecode.swift; path = OnboardingInteractor.swift; sourceTree = "<group>"; };
		311FC3AC2916A59C0044ACF4 /* OnboardingCollectionViewCell.swift */ = {isa = PBXFileReference; lastKnownFileType = sourcecode.swift; path = OnboardingCollectionViewCell.swift; sourceTree = "<group>"; };
		311FC3AD2916A59C0044ACF4 /* OnboardingCollectionViewCell.xib */ = {isa = PBXFileReference; lastKnownFileType = file.xib; path = OnboardingCollectionViewCell.xib; sourceTree = "<group>"; };
		311FC3B12916B2570044ACF4 /* OnboardingEntity.swift */ = {isa = PBXFileReference; lastKnownFileType = sourcecode.swift; path = OnboardingEntity.swift; sourceTree = "<group>"; };
		316F0AD3291857690082B376 /* SignInViewController.swift */ = {isa = PBXFileReference; lastKnownFileType = sourcecode.swift; path = SignInViewController.swift; sourceTree = "<group>"; };
		316F0AD5291858010082B376 /* SignInContract.swift */ = {isa = PBXFileReference; lastKnownFileType = sourcecode.swift; path = SignInContract.swift; sourceTree = "<group>"; };
		316F0AD92918582A0082B376 /* SignInRouter.swift */ = {isa = PBXFileReference; lastKnownFileType = sourcecode.swift; path = SignInRouter.swift; sourceTree = "<group>"; };
		316F0ADB2918582C0082B376 /* SignInInteractor.swift */ = {isa = PBXFileReference; lastKnownFileType = sourcecode.swift; path = SignInInteractor.swift; sourceTree = "<group>"; };
		316F0ADD291858320082B376 /* SignInPresenter.swift */ = {isa = PBXFileReference; lastKnownFileType = sourcecode.swift; path = SignInPresenter.swift; sourceTree = "<group>"; };
		316F0AE9291862500082B376 /* GoogleService-Info.plist */ = {isa = PBXFileReference; fileEncoding = 4; lastKnownFileType = text.plist.xml; path = "GoogleService-Info.plist"; sourceTree = "<group>"; };
		316F0AEC291862FE0082B376 /* UIButton+Ext.swift */ = {isa = PBXFileReference; lastKnownFileType = sourcecode.swift; path = "UIButton+Ext.swift"; sourceTree = "<group>"; };
		316F0AEF291867F90082B376 /* SignUpViewController.swift */ = {isa = PBXFileReference; lastKnownFileType = sourcecode.swift; path = SignUpViewController.swift; sourceTree = "<group>"; };
		316F0AF12918680A0082B376 /* SignUpContract.swift */ = {isa = PBXFileReference; lastKnownFileType = sourcecode.swift; path = SignUpContract.swift; sourceTree = "<group>"; };
		316F0AF3291868230082B376 /* SignUpInteractor.swift */ = {isa = PBXFileReference; lastKnownFileType = sourcecode.swift; path = SignUpInteractor.swift; sourceTree = "<group>"; };
		316F0AF5291868240082B376 /* SignUpPresenter.swift */ = {isa = PBXFileReference; lastKnownFileType = sourcecode.swift; path = SignUpPresenter.swift; sourceTree = "<group>"; };
		316F0AF7291868260082B376 /* SignUpRouter.swift */ = {isa = PBXFileReference; lastKnownFileType = sourcecode.swift; path = SignUpRouter.swift; sourceTree = "<group>"; };
		316F0AF9291869610082B376 /* String+Ext.swift */ = {isa = PBXFileReference; lastKnownFileType = sourcecode.swift; path = "String+Ext.swift"; sourceTree = "<group>"; };
		316F0AFC29186DAD0082B376 /* HomeViewController.swift */ = {isa = PBXFileReference; lastKnownFileType = sourcecode.swift; path = HomeViewController.swift; sourceTree = "<group>"; };
		316F0AFF29186DC30082B376 /* HomeInteractor.swift */ = {isa = PBXFileReference; lastKnownFileType = sourcecode.swift; path = HomeInteractor.swift; sourceTree = "<group>"; };
		316F0B0129186DCB0082B376 /* HomePresenter.swift */ = {isa = PBXFileReference; lastKnownFileType = sourcecode.swift; path = HomePresenter.swift; sourceTree = "<group>"; };
		316F0B0329186DCC0082B376 /* HomeContract.swift */ = {isa = PBXFileReference; lastKnownFileType = sourcecode.swift; path = HomeContract.swift; sourceTree = "<group>"; };
		316F0B0529186DCF0082B376 /* HomeRouter.swift */ = {isa = PBXFileReference; lastKnownFileType = sourcecode.swift; path = HomeRouter.swift; sourceTree = "<group>"; };
		316F0B0829186E150082B376 /* HomeEntity.swift */ = {isa = PBXFileReference; lastKnownFileType = sourcecode.swift; path = HomeEntity.swift; sourceTree = "<group>"; };
		316F0B0B29186EF10082B376 /* HomeCollectionViewCell.swift */ = {isa = PBXFileReference; lastKnownFileType = sourcecode.swift; path = HomeCollectionViewCell.swift; sourceTree = "<group>"; };
		316F0B0C29186EF10082B376 /* HomeCollectionViewCell.xib */ = {isa = PBXFileReference; lastKnownFileType = file.xib; path = HomeCollectionViewCell.xib; sourceTree = "<group>"; };
		316F0B15291879AB0082B376 /* UIView+Ext.swift */ = {isa = PBXFileReference; lastKnownFileType = sourcecode.swift; path = "UIView+Ext.swift"; sourceTree = "<group>"; };
		316F0B17291879D20082B376 /* UICollViewCell+Ext.swift */ = {isa = PBXFileReference; lastKnownFileType = sourcecode.swift; path = "UICollViewCell+Ext.swift"; sourceTree = "<group>"; };
/* End PBXFileReference section */

/* Begin PBXFrameworksBuildPhase section */
		311FC3832915742B0044ACF4 /* Frameworks */ = {
			isa = PBXFrameworksBuildPhase;
			buildActionMask = 2147483647;
			files = (
				316F0AE6291860CB0082B376 /* FirebaseDatabase in Frameworks */,
				316F0B11291873640082B376 /* Alamofire in Frameworks */,
				316F0AE4291860CB0082B376 /* FirebaseAuth in Frameworks */,
				316F0AE8291860CB0082B376 /* FirebaseFirestore in Frameworks */,
				316F0B1B29187AF20082B376 /* Kingfisher in Frameworks */,
			);
			runOnlyForDeploymentPostprocessing = 0;
		};
/* End PBXFrameworksBuildPhase section */

/* Begin PBXGroup section */
		311FC37D2915742B0044ACF4 = {
			isa = PBXGroup;
			children = (
				311FC3882915742B0044ACF4 /* Shopper */,
				311FC3872915742B0044ACF4 /* Products */,
			);
			sourceTree = "<group>";
		};
		311FC3872915742B0044ACF4 /* Products */ = {
			isa = PBXGroup;
			children = (
				311FC3862915742B0044ACF4 /* Shopper.app */,
			);
			name = Products;
			sourceTree = "<group>";
		};
		311FC3882915742B0044ACF4 /* Shopper */ = {
			isa = PBXGroup;
			children = (
				316F0AEB291862E50082B376 /* Extensions */,
				311FC39D2915A4A70044ACF4 /* Modules */,
				311FC3892915742B0044ACF4 /* AppDelegate.swift */,
				311FC38B2915742B0044ACF4 /* SceneDelegate.swift */,
				311FC38D2915742B0044ACF4 /* ViewController.swift */,
				311FC38F2915742B0044ACF4 /* Main.storyboard */,
				311FC3922915742E0044ACF4 /* Assets.xcassets */,
				311FC3942915742E0044ACF4 /* LaunchScreen.storyboard */,
				311FC3972915742E0044ACF4 /* Info.plist */,
				316F0AE9291862500082B376 /* GoogleService-Info.plist */,
			);
			path = Shopper;
			sourceTree = "<group>";
		};
		311FC39D2915A4A70044ACF4 /* Modules */ = {
			isa = PBXGroup;
			children = (
				316F0AFB29186D610082B376 /* Home */,
				316F0AD2291853130082B376 /* Login */,
				311FC39E2915A4B00044ACF4 /* Onboarding */,
			);
			path = Modules;
			sourceTree = "<group>";
		};
		311FC39E2915A4B00044ACF4 /* Onboarding */ = {
			isa = PBXGroup;
			children = (
				311FC3AB2916A57C0044ACF4 /* Cell */,
				311FC3B02916B23E0044ACF4 /* OnboardingEntity */,
				311FC3A02915AD170044ACF4 /* OnboardingContract.swift */,
				311FC3A12915AD170044ACF4 /* OnboardingPresenter.swift */,
				311FC3A22915AD170044ACF4 /* OnboardingRouter.swift */,
				311FC3A32915AD170044ACF4 /* OnboardingViewController.swift */,
				311FC3A42915AD170044ACF4 /* OnboardingInteractor.swift */,
			);
			path = Onboarding;
			sourceTree = "<group>";
		};
		311FC3AB2916A57C0044ACF4 /* Cell */ = {
			isa = PBXGroup;
			children = (
				311FC3AC2916A59C0044ACF4 /* OnboardingCollectionViewCell.swift */,
				311FC3AD2916A59C0044ACF4 /* OnboardingCollectionViewCell.xib */,
			);
			path = Cell;
			sourceTree = "<group>";
		};
		311FC3B02916B23E0044ACF4 /* OnboardingEntity */ = {
			isa = PBXGroup;
			children = (
				311FC3B12916B2570044ACF4 /* OnboardingEntity.swift */,
			);
			path = OnboardingEntity;
			sourceTree = "<group>";
		};
		316F0AD2291853130082B376 /* Login */ = {
			isa = PBXGroup;
			children = (
				316F0AEE291867E50082B376 /* SignUp */,
				316F0ADF291858D30082B376 /* SignIn */,
			);
			path = Login;
			sourceTree = "<group>";
		};
		316F0ADF291858D30082B376 /* SignIn */ = {
			isa = PBXGroup;
			children = (
				316F0AD3291857690082B376 /* SignInViewController.swift */,
				316F0AD92918582A0082B376 /* SignInRouter.swift */,
				316F0ADB2918582C0082B376 /* SignInInteractor.swift */,
				316F0ADD291858320082B376 /* SignInPresenter.swift */,
				316F0AD5291858010082B376 /* SignInContract.swift */,
			);
			path = SignIn;
			sourceTree = "<group>";
		};
		316F0AEB291862E50082B376 /* Extensions */ = {
			isa = PBXGroup;
			children = (
				316F0AEC291862FE0082B376 /* UIButton+Ext.swift */,
				316F0AF9291869610082B376 /* String+Ext.swift */,
				316F0B15291879AB0082B376 /* UIView+Ext.swift */,
				316F0B17291879D20082B376 /* UICollViewCell+Ext.swift */,
			);
			path = Extensions;
			sourceTree = "<group>";
		};
		316F0AEE291867E50082B376 /* SignUp */ = {
			isa = PBXGroup;
			children = (
				316F0AEF291867F90082B376 /* SignUpViewController.swift */,
				316F0AF3291868230082B376 /* SignUpInteractor.swift */,
				316F0AF5291868240082B376 /* SignUpPresenter.swift */,
				316F0AF7291868260082B376 /* SignUpRouter.swift */,
				316F0AF12918680A0082B376 /* SignUpContract.swift */,
			);
			path = SignUp;
			sourceTree = "<group>";
		};
		316F0AFB29186D610082B376 /* Home */ = {
			isa = PBXGroup;
			children = (
				316F0B0A29186ED50082B376 /* Cell */,
				316F0B0729186E000082B376 /* HomeEntity */,
				316F0AFC29186DAD0082B376 /* HomeViewController.swift */,
				316F0B0129186DCB0082B376 /* HomePresenter.swift */,
				316F0B0329186DCC0082B376 /* HomeContract.swift */,
				316F0B0529186DCF0082B376 /* HomeRouter.swift */,
				316F0AFF29186DC30082B376 /* HomeInteractor.swift */,
			);
			name = Home;
			path = "New Group";
			sourceTree = "<group>";
		};
		316F0B0729186E000082B376 /* HomeEntity */ = {
			isa = PBXGroup;
			children = (
				316F0B0829186E150082B376 /* HomeEntity.swift */,
			);
			path = HomeEntity;
			sourceTree = "<group>";
		};
		316F0B0A29186ED50082B376 /* Cell */ = {
			isa = PBXGroup;
			children = (
				316F0B0B29186EF10082B376 /* HomeCollectionViewCell.swift */,
				316F0B0C29186EF10082B376 /* HomeCollectionViewCell.xib */,
			);
			path = Cell;
			sourceTree = "<group>";
		};
/* End PBXGroup section */

/* Begin PBXNativeTarget section */
		311FC3852915742B0044ACF4 /* Shopper */ = {
			isa = PBXNativeTarget;
			buildConfigurationList = 311FC39A2915742E0044ACF4 /* Build configuration list for PBXNativeTarget "Shopper" */;
			buildPhases = (
				311FC3822915742B0044ACF4 /* Sources */,
				311FC3832915742B0044ACF4 /* Frameworks */,
				311FC3842915742B0044ACF4 /* Resources */,
			);
			buildRules = (
			);
			dependencies = (
			);
			name = Shopper;
			packageProductDependencies = (
				316F0AE3291860CB0082B376 /* FirebaseAuth */,
				316F0AE5291860CB0082B376 /* FirebaseDatabase */,
				316F0AE7291860CB0082B376 /* FirebaseFirestore */,
				316F0B10291873640082B376 /* Alamofire */,
				316F0B1A29187AF20082B376 /* Kingfisher */,
			);
			productName = Shopper;
			productReference = 311FC3862915742B0044ACF4 /* Shopper.app */;
			productType = "com.apple.product-type.application";
		};
/* End PBXNativeTarget section */

/* Begin PBXProject section */
		311FC37E2915742B0044ACF4 /* Project object */ = {
			isa = PBXProject;
			attributes = {
				BuildIndependentTargetsInParallel = 1;
				LastSwiftUpdateCheck = 1300;
				LastUpgradeCheck = 1300;
				TargetAttributes = {
					311FC3852915742B0044ACF4 = {
						CreatedOnToolsVersion = 13.0;
					};
				};
			};
			buildConfigurationList = 311FC3812915742B0044ACF4 /* Build configuration list for PBXProject "Shopper" */;
			compatibilityVersion = "Xcode 13.0";
			developmentRegion = en;
			hasScannedForEncodings = 0;
			knownRegions = (
				en,
				Base,
			);
			mainGroup = 311FC37D2915742B0044ACF4;
			packageReferences = (
				316F0AE2291860CB0082B376 /* XCRemoteSwiftPackageReference "firebase-ios-sdk" */,
				316F0B0F291873630082B376 /* XCRemoteSwiftPackageReference "Alamofire" */,
				316F0B1929187AF20082B376 /* XCRemoteSwiftPackageReference "Kingfisher" */,
			);
			productRefGroup = 311FC3872915742B0044ACF4 /* Products */;
			projectDirPath = "";
			projectRoot = "";
			targets = (
				311FC3852915742B0044ACF4 /* Shopper */,
			);
		};
/* End PBXProject section */

/* Begin PBXResourcesBuildPhase section */
		311FC3842915742B0044ACF4 /* Resources */ = {
			isa = PBXResourcesBuildPhase;
			buildActionMask = 2147483647;
			files = (
				311FC3962915742E0044ACF4 /* LaunchScreen.storyboard in Resources */,
				316F0B0E29186EF10082B376 /* HomeCollectionViewCell.xib in Resources */,
				311FC3932915742E0044ACF4 /* Assets.xcassets in Resources */,
				316F0AEA291862500082B376 /* GoogleService-Info.plist in Resources */,
				311FC3912915742B0044ACF4 /* Main.storyboard in Resources */,
				311FC3AF2916A59C0044ACF4 /* OnboardingCollectionViewCell.xib in Resources */,
			);
			runOnlyForDeploymentPostprocessing = 0;
		};
/* End PBXResourcesBuildPhase section */

/* Begin PBXSourcesBuildPhase section */
		311FC3822915742B0044ACF4 /* Sources */ = {
			isa = PBXSourcesBuildPhase;
			buildActionMask = 2147483647;
			files = (
				316F0B0D29186EF10082B376 /* HomeCollectionViewCell.swift in Sources */,
				316F0AD4291857690082B376 /* SignInViewController.swift in Sources */,
				316F0B16291879AB0082B376 /* UIView+Ext.swift in Sources */,
				311FC3A62915AD170044ACF4 /* OnboardingContract.swift in Sources */,
				311FC3A82915AD170044ACF4 /* OnboardingRouter.swift in Sources */,
				316F0B0629186DCF0082B376 /* HomeRouter.swift in Sources */,
				316F0B0029186DC30082B376 /* HomeInteractor.swift in Sources */,
				316F0AED291862FE0082B376 /* UIButton+Ext.swift in Sources */,
				316F0AF4291868230082B376 /* SignUpInteractor.swift in Sources */,
				316F0ADA2918582A0082B376 /* SignInRouter.swift in Sources */,
				316F0AFD29186DAD0082B376 /* HomeViewController.swift in Sources */,
				316F0B0929186E150082B376 /* HomeEntity.swift in Sources */,
				316F0AF0291867F90082B376 /* SignUpViewController.swift in Sources */,
				316F0ADC2918582C0082B376 /* SignInInteractor.swift in Sources */,
				311FC38E2915742B0044ACF4 /* ViewController.swift in Sources */,
				311FC3B22916B2570044ACF4 /* OnboardingEntity.swift in Sources */,
				316F0AFA291869610082B376 /* String+Ext.swift in Sources */,
				316F0B0429186DCD0082B376 /* HomeContract.swift in Sources */,
				316F0AF22918680A0082B376 /* SignUpContract.swift in Sources */,
				316F0AD6291858010082B376 /* SignInContract.swift in Sources */,
				311FC3AA2915AD170044ACF4 /* OnboardingInteractor.swift in Sources */,
				316F0AF8291868260082B376 /* SignUpRouter.swift in Sources */,
				311FC3A72915AD170044ACF4 /* OnboardingPresenter.swift in Sources */,
				311FC3A92915AD170044ACF4 /* OnboardingViewController.swift in Sources */,
				316F0B0229186DCB0082B376 /* HomePresenter.swift in Sources */,
				316F0AF6291868250082B376 /* SignUpPresenter.swift in Sources */,
				316F0ADE291858320082B376 /* SignInPresenter.swift in Sources */,
				311FC38A2915742B0044ACF4 /* AppDelegate.swift in Sources */,
				311FC38C2915742B0044ACF4 /* SceneDelegate.swift in Sources */,
				311FC3AE2916A59C0044ACF4 /* OnboardingCollectionViewCell.swift in Sources */,
				316F0B18291879D20082B376 /* UICollViewCell+Ext.swift in Sources */,
			);
			runOnlyForDeploymentPostprocessing = 0;
		};
/* End PBXSourcesBuildPhase section */

/* Begin PBXVariantGroup section */
		311FC38F2915742B0044ACF4 /* Main.storyboard */ = {
			isa = PBXVariantGroup;
			children = (
				311FC3902915742B0044ACF4 /* Base */,
			);
			name = Main.storyboard;
			sourceTree = "<group>";
		};
		311FC3942915742E0044ACF4 /* LaunchScreen.storyboard */ = {
			isa = PBXVariantGroup;
			children = (
				311FC3952915742E0044ACF4 /* Base */,
			);
			name = LaunchScreen.storyboard;
			sourceTree = "<group>";
		};
/* End PBXVariantGroup section */

/* Begin XCBuildConfiguration section */
		311FC3982915742E0044ACF4 /* Debug */ = {
			isa = XCBuildConfiguration;
			buildSettings = {
				ALWAYS_SEARCH_USER_PATHS = NO;
				CLANG_ANALYZER_NONNULL = YES;
				CLANG_ANALYZER_NUMBER_OBJECT_CONVERSION = YES_AGGRESSIVE;
				CLANG_CXX_LANGUAGE_STANDARD = "gnu++17";
				CLANG_CXX_LIBRARY = "libc++";
				CLANG_ENABLE_MODULES = YES;
				CLANG_ENABLE_OBJC_ARC = YES;
				CLANG_ENABLE_OBJC_WEAK = YES;
				CLANG_WARN_BLOCK_CAPTURE_AUTORELEASING = YES;
				CLANG_WARN_BOOL_CONVERSION = YES;
				CLANG_WARN_COMMA = YES;
				CLANG_WARN_CONSTANT_CONVERSION = YES;
				CLANG_WARN_DEPRECATED_OBJC_IMPLEMENTATIONS = YES;
				CLANG_WARN_DIRECT_OBJC_ISA_USAGE = YES_ERROR;
				CLANG_WARN_DOCUMENTATION_COMMENTS = YES;
				CLANG_WARN_EMPTY_BODY = YES;
				CLANG_WARN_ENUM_CONVERSION = YES;
				CLANG_WARN_INFINITE_RECURSION = YES;
				CLANG_WARN_INT_CONVERSION = YES;
				CLANG_WARN_NON_LITERAL_NULL_CONVERSION = YES;
				CLANG_WARN_OBJC_IMPLICIT_RETAIN_SELF = YES;
				CLANG_WARN_OBJC_LITERAL_CONVERSION = YES;
				CLANG_WARN_OBJC_ROOT_CLASS = YES_ERROR;
				CLANG_WARN_QUOTED_INCLUDE_IN_FRAMEWORK_HEADER = YES;
				CLANG_WARN_RANGE_LOOP_ANALYSIS = YES;
				CLANG_WARN_STRICT_PROTOTYPES = YES;
				CLANG_WARN_SUSPICIOUS_MOVE = YES;
				CLANG_WARN_UNGUARDED_AVAILABILITY = YES_AGGRESSIVE;
				CLANG_WARN_UNREACHABLE_CODE = YES;
				CLANG_WARN__DUPLICATE_METHOD_MATCH = YES;
				COPY_PHASE_STRIP = NO;
				DEBUG_INFORMATION_FORMAT = dwarf;
				ENABLE_STRICT_OBJC_MSGSEND = YES;
				ENABLE_TESTABILITY = YES;
				GCC_C_LANGUAGE_STANDARD = gnu11;
				GCC_DYNAMIC_NO_PIC = NO;
				GCC_NO_COMMON_BLOCKS = YES;
				GCC_OPTIMIZATION_LEVEL = 0;
				GCC_PREPROCESSOR_DEFINITIONS = (
					"DEBUG=1",
					"$(inherited)",
				);
				GCC_WARN_64_TO_32_BIT_CONVERSION = YES;
				GCC_WARN_ABOUT_RETURN_TYPE = YES_ERROR;
				GCC_WARN_UNDECLARED_SELECTOR = YES;
				GCC_WARN_UNINITIALIZED_AUTOS = YES_AGGRESSIVE;
				GCC_WARN_UNUSED_FUNCTION = YES;
				GCC_WARN_UNUSED_VARIABLE = YES;
				IPHONEOS_DEPLOYMENT_TARGET = 15.0;
				MTL_ENABLE_DEBUG_INFO = INCLUDE_SOURCE;
				MTL_FAST_MATH = YES;
				ONLY_ACTIVE_ARCH = YES;
				SDKROOT = iphoneos;
				SWIFT_ACTIVE_COMPILATION_CONDITIONS = DEBUG;
				SWIFT_OPTIMIZATION_LEVEL = "-Onone";
			};
			name = Debug;
		};
		311FC3992915742E0044ACF4 /* Release */ = {
			isa = XCBuildConfiguration;
			buildSettings = {
				ALWAYS_SEARCH_USER_PATHS = NO;
				CLANG_ANALYZER_NONNULL = YES;
				CLANG_ANALYZER_NUMBER_OBJECT_CONVERSION = YES_AGGRESSIVE;
				CLANG_CXX_LANGUAGE_STANDARD = "gnu++17";
				CLANG_CXX_LIBRARY = "libc++";
				CLANG_ENABLE_MODULES = YES;
				CLANG_ENABLE_OBJC_ARC = YES;
				CLANG_ENABLE_OBJC_WEAK = YES;
				CLANG_WARN_BLOCK_CAPTURE_AUTORELEASING = YES;
				CLANG_WARN_BOOL_CONVERSION = YES;
				CLANG_WARN_COMMA = YES;
				CLANG_WARN_CONSTANT_CONVERSION = YES;
				CLANG_WARN_DEPRECATED_OBJC_IMPLEMENTATIONS = YES;
				CLANG_WARN_DIRECT_OBJC_ISA_USAGE = YES_ERROR;
				CLANG_WARN_DOCUMENTATION_COMMENTS = YES;
				CLANG_WARN_EMPTY_BODY = YES;
				CLANG_WARN_ENUM_CONVERSION = YES;
				CLANG_WARN_INFINITE_RECURSION = YES;
				CLANG_WARN_INT_CONVERSION = YES;
				CLANG_WARN_NON_LITERAL_NULL_CONVERSION = YES;
				CLANG_WARN_OBJC_IMPLICIT_RETAIN_SELF = YES;
				CLANG_WARN_OBJC_LITERAL_CONVERSION = YES;
				CLANG_WARN_OBJC_ROOT_CLASS = YES_ERROR;
				CLANG_WARN_QUOTED_INCLUDE_IN_FRAMEWORK_HEADER = YES;
				CLANG_WARN_RANGE_LOOP_ANALYSIS = YES;
				CLANG_WARN_STRICT_PROTOTYPES = YES;
				CLANG_WARN_SUSPICIOUS_MOVE = YES;
				CLANG_WARN_UNGUARDED_AVAILABILITY = YES_AGGRESSIVE;
				CLANG_WARN_UNREACHABLE_CODE = YES;
				CLANG_WARN__DUPLICATE_METHOD_MATCH = YES;
				COPY_PHASE_STRIP = NO;
				DEBUG_INFORMATION_FORMAT = "dwarf-with-dsym";
				ENABLE_NS_ASSERTIONS = NO;
				ENABLE_STRICT_OBJC_MSGSEND = YES;
				GCC_C_LANGUAGE_STANDARD = gnu11;
				GCC_NO_COMMON_BLOCKS = YES;
				GCC_WARN_64_TO_32_BIT_CONVERSION = YES;
				GCC_WARN_ABOUT_RETURN_TYPE = YES_ERROR;
				GCC_WARN_UNDECLARED_SELECTOR = YES;
				GCC_WARN_UNINITIALIZED_AUTOS = YES_AGGRESSIVE;
				GCC_WARN_UNUSED_FUNCTION = YES;
				GCC_WARN_UNUSED_VARIABLE = YES;
				IPHONEOS_DEPLOYMENT_TARGET = 15.0;
				MTL_ENABLE_DEBUG_INFO = NO;
				MTL_FAST_MATH = YES;
				SDKROOT = iphoneos;
				SWIFT_COMPILATION_MODE = wholemodule;
				SWIFT_OPTIMIZATION_LEVEL = "-O";
				VALIDATE_PRODUCT = YES;
			};
			name = Release;
		};
		311FC39B2915742E0044ACF4 /* Debug */ = {
			isa = XCBuildConfiguration;
			buildSettings = {
				ASSETCATALOG_COMPILER_APPICON_NAME = AppIcon;
				ASSETCATALOG_COMPILER_GLOBAL_ACCENT_COLOR_NAME = AccentColor;
				CODE_SIGN_STYLE = Automatic;
				CURRENT_PROJECT_VERSION = 1;
				DEVELOPMENT_TEAM = KRCW97NRKQ;
				GENERATE_INFOPLIST_FILE = YES;
				INFOPLIST_FILE = Shopper/Info.plist;
				INFOPLIST_KEY_UIApplicationSupportsIndirectInputEvents = YES;
				INFOPLIST_KEY_UILaunchStoryboardName = LaunchScreen;
				INFOPLIST_KEY_UIMainStoryboardFile = Main;
				INFOPLIST_KEY_UISupportedInterfaceOrientations_iPad = "UIInterfaceOrientationPortrait UIInterfaceOrientationPortraitUpsideDown UIInterfaceOrientationLandscapeLeft UIInterfaceOrientationLandscapeRight";
				INFOPLIST_KEY_UISupportedInterfaceOrientations_iPhone = "UIInterfaceOrientationPortrait UIInterfaceOrientationLandscapeLeft UIInterfaceOrientationLandscapeRight";
				LD_RUNPATH_SEARCH_PATHS = (
					"$(inherited)",
					"@executable_path/Frameworks",
				);
				MARKETING_VERSION = 1.0;
				PRODUCT_BUNDLE_IDENTIFIER = com.fuldenonan.Shopper;
				PRODUCT_NAME = "$(TARGET_NAME)";
				SWIFT_EMIT_LOC_STRINGS = YES;
				SWIFT_VERSION = 5.0;
				TARGETED_DEVICE_FAMILY = "1,2";
			};
			name = Debug;
		};
		311FC39C2915742E0044ACF4 /* Release */ = {
			isa = XCBuildConfiguration;
			buildSettings = {
				ASSETCATALOG_COMPILER_APPICON_NAME = AppIcon;
				ASSETCATALOG_COMPILER_GLOBAL_ACCENT_COLOR_NAME = AccentColor;
				CODE_SIGN_STYLE = Automatic;
				CURRENT_PROJECT_VERSION = 1;
				DEVELOPMENT_TEAM = KRCW97NRKQ;
				GENERATE_INFOPLIST_FILE = YES;
				INFOPLIST_FILE = Shopper/Info.plist;
				INFOPLIST_KEY_UIApplicationSupportsIndirectInputEvents = YES;
				INFOPLIST_KEY_UILaunchStoryboardName = LaunchScreen;
				INFOPLIST_KEY_UIMainStoryboardFile = Main;
				INFOPLIST_KEY_UISupportedInterfaceOrientations_iPad = "UIInterfaceOrientationPortrait UIInterfaceOrientationPortraitUpsideDown UIInterfaceOrientationLandscapeLeft UIInterfaceOrientationLandscapeRight";
				INFOPLIST_KEY_UISupportedInterfaceOrientations_iPhone = "UIInterfaceOrientationPortrait UIInterfaceOrientationLandscapeLeft UIInterfaceOrientationLandscapeRight";
				LD_RUNPATH_SEARCH_PATHS = (
					"$(inherited)",
					"@executable_path/Frameworks",
				);
				MARKETING_VERSION = 1.0;
				PRODUCT_BUNDLE_IDENTIFIER = com.fuldenonan.Shopper;
				PRODUCT_NAME = "$(TARGET_NAME)";
				SWIFT_EMIT_LOC_STRINGS = YES;
				SWIFT_VERSION = 5.0;
				TARGETED_DEVICE_FAMILY = "1,2";
			};
			name = Release;
		};
/* End XCBuildConfiguration section */

/* Begin XCConfigurationList section */
		311FC3812915742B0044ACF4 /* Build configuration list for PBXProject "Shopper" */ = {
			isa = XCConfigurationList;
			buildConfigurations = (
				311FC3982915742E0044ACF4 /* Debug */,
				311FC3992915742E0044ACF4 /* Release */,
			);
			defaultConfigurationIsVisible = 0;
			defaultConfigurationName = Release;
		};
		311FC39A2915742E0044ACF4 /* Build configuration list for PBXNativeTarget "Shopper" */ = {
			isa = XCConfigurationList;
			buildConfigurations = (
				311FC39B2915742E0044ACF4 /* Debug */,
				311FC39C2915742E0044ACF4 /* Release */,
			);
			defaultConfigurationIsVisible = 0;
			defaultConfigurationName = Release;
		};
/* End XCConfigurationList section */

/* Begin XCRemoteSwiftPackageReference section */
		316F0AE2291860CB0082B376 /* XCRemoteSwiftPackageReference "firebase-ios-sdk" */ = {
			isa = XCRemoteSwiftPackageReference;
			repositoryURL = "https://github.com/firebase/firebase-ios-sdk";
			requirement = {
				kind = upToNextMajorVersion;
				minimumVersion = 8.0.0;
			};
		};
		316F0B0F291873630082B376 /* XCRemoteSwiftPackageReference "Alamofire" */ = {
			isa = XCRemoteSwiftPackageReference;
			repositoryURL = "https://github.com/Alamofire/Alamofire.git";
			requirement = {
				kind = upToNextMajorVersion;
				minimumVersion = 5.0.0;
			};
		};
		316F0B1929187AF20082B376 /* XCRemoteSwiftPackageReference "Kingfisher" */ = {
			isa = XCRemoteSwiftPackageReference;
			repositoryURL = "https://github.com/onevcat/Kingfisher.git";
			requirement = {
				kind = upToNextMajorVersion;
				minimumVersion = 6.0.0;
			};
		};
/* End XCRemoteSwiftPackageReference section */

/* Begin XCSwiftPackageProductDependency section */
		316F0AE3291860CB0082B376 /* FirebaseAuth */ = {
			isa = XCSwiftPackageProductDependency;
			package = 316F0AE2291860CB0082B376 /* XCRemoteSwiftPackageReference "firebase-ios-sdk" */;
			productName = FirebaseAuth;
		};
		316F0AE5291860CB0082B376 /* FirebaseDatabase */ = {
			isa = XCSwiftPackageProductDependency;
			package = 316F0AE2291860CB0082B376 /* XCRemoteSwiftPackageReference "firebase-ios-sdk" */;
			productName = FirebaseDatabase;
		};
		316F0AE7291860CB0082B376 /* FirebaseFirestore */ = {
			isa = XCSwiftPackageProductDependency;
			package = 316F0AE2291860CB0082B376 /* XCRemoteSwiftPackageReference "firebase-ios-sdk" */;
			productName = FirebaseFirestore;
		};
		316F0B10291873640082B376 /* Alamofire */ = {
			isa = XCSwiftPackageProductDependency;
			package = 316F0B0F291873630082B376 /* XCRemoteSwiftPackageReference "Alamofire" */;
			productName = Alamofire;
		};
		316F0B1A29187AF20082B376 /* Kingfisher */ = {
			isa = XCSwiftPackageProductDependency;
			package = 316F0B1929187AF20082B376 /* XCRemoteSwiftPackageReference "Kingfisher" */;
			productName = Kingfisher;
		};
/* End XCSwiftPackageProductDependency section */
	};
	rootObject = 311FC37E2915742B0044ACF4 /* Project object */;
}
